
Microsoft Visual Studio Solution File, Format Version 12.00
# Visual Studio 11
Project("{FAE04EC0-301F-11D3-BF4B-00C04F79EFBC}") = "Cojac.Core", "Cojac.Core\Cojac.Core.csproj", "{52B5B8E8-193D-4832-B78E-2550F044412A}"
EndProject
Project("{FAE04EC0-301F-11D3-BF4B-00C04F79EFBC}") = "Cojac.Web", "Cojac.Web\Cojac.Web.csproj", "{6182A67C-06E4-42EA-8864-3E650291CF39}"
EndProject
Global
	GlobalSection(SolutionConfigurationPlatforms) = preSolution
		Debug|Any CPU = Debug|Any CPU
		Release|Any CPU = Release|Any CPU
	EndGlobalSection
	GlobalSection(ProjectConfigurationPlatforms) = postSolution
		{52B5B8E8-193D-4832-B78E-2550F044412A}.Debug|Any CPU.ActiveCfg = Debug|Any CPU
		{52B5B8E8-193D-4832-B78E-2550F044412A}.Debug|Any CPU.Build.0 = Debug|Any CPU
		{52B5B8E8-193D-4832-B78E-2550F044412A}.Release|Any CPU.ActiveCfg = Release|Any CPU
		{52B5B8E8-193D-4832-B78E-2550F044412A}.Release|Any CPU.Build.0 = Release|Any CPU
		{6182A67C-06E4-42EA-8864-3E650291CF39}.Debug|Any CPU.ActiveCfg = Debug|Any CPU
		{6182A67C-06E4-42EA-8864-3E650291CF39}.Debug|Any CPU.Build.0 = Debug|Any CPU
		{6182A67C-06E4-42EA-8864-3E650291CF39}.Release|Any CPU.ActiveCfg = Release|Any CPU
		{6182A67C-06E4-42EA-8864-3E650291CF39}.Release|Any CPU.Build.0 = Release|Any CPU
	EndGlobalSection
	GlobalSection(SolutionProperties) = preSolution
		HideSolutionNode = FALSE
	EndGlobalSection
EndGlobal
